
Microsoft Visual Studio Solution File, Format Version 12.00
# Visual Studio Version 16
VisualStudioVersion = 16.0.30503.244
MinimumVisualStudioVersion = 10.0.40219.1
Project("{9A19103F-16F7-4668-BE54-9A1E7A4F7556}") = "CourseBack", "CourseBack\CourseBack.csproj", "{183CFDDE-84BE-4562-B3FC-D8183A9F78F3}"
EndProject
Global
	GlobalSection(SolutionConfigurationPlatforms) = preSolution
		Debug|Any CPU = Debug|Any CPU
		Release|Any CPU = Release|Any CPU
	EndGlobalSection
	GlobalSection(ProjectConfigurationPlatforms) = postSolution
		{183CFDDE-84BE-4562-B3FC-D8183A9F78F3}.Debug|Any CPU.ActiveCfg = Debug|Any CPU
		{183CFDDE-84BE-4562-B3FC-D8183A9F78F3}.Debug|Any CPU.Build.0 = Debug|Any CPU
		{183CFDDE-84BE-4562-B3FC-D8183A9F78F3}.Release|Any CPU.ActiveCfg = Release|Any CPU
		{183CFDDE-84BE-4562-B3FC-D8183A9F78F3}.Release|Any CPU.Build.0 = Release|Any CPU
	EndGlobalSection
	GlobalSection(SolutionProperties) = preSolution
		HideSolutionNode = FALSE
	EndGlobalSection
	GlobalSection(ExtensibilityGlobals) = postSolution
		SolutionGuid = {22D562CF-E4D1-4955-B3BC-33FCA9A14506}
	EndGlobalSection
EndGlobal
